// !$*UTF8*$!
{
	archiveVersion = 1;
	classes = {
	};
	objectVersion = 46;
	objects = {

/* Begin PBXBuildFile section */
		18634C3A1C72D59A00657E56 /* DraggableView.m in Sources */ = {isa = PBXBuildFile; fileRef = 18634C351C72D59A00657E56 /* DraggableView.m */; };
		18634C3B1C72D59A00657E56 /* DraggableViewBackground.m in Sources */ = {isa = PBXBuildFile; fileRef = 18634C371C72D59A00657E56 /* DraggableViewBackground.m */; };
		18634C3C1C72D59A00657E56 /* OverlayView.m in Sources */ = {isa = PBXBuildFile; fileRef = 18634C391C72D59A00657E56 /* OverlayView.m */; };
		18DADA5A1C7213C7007869C1 /* main.m in Sources */ = {isa = PBXBuildFile; fileRef = 18DADA591C7213C7007869C1 /* main.m */; };
		18DADA5D1C7213C7007869C1 /* AppDelegate.m in Sources */ = {isa = PBXBuildFile; fileRef = 18DADA5C1C7213C7007869C1 /* AppDelegate.m */; };
		18DADA601C7213C7007869C1 /* Verbat_Rajesh_Subramonian.xcdatamodeld in Sources */ = {isa = PBXBuildFile; fileRef = 18DADA5E1C7213C7007869C1 /* Verbat_Rajesh_Subramonian.xcdatamodeld */; };
		18DADA631C7213C7007869C1 /* ViewController.m in Sources */ = {isa = PBXBuildFile; fileRef = 18DADA621C7213C7007869C1 /* ViewController.m */; };
		18DADA661C7213C7007869C1 /* Main.storyboard in Resources */ = {isa = PBXBuildFile; fileRef = 18DADA641C7213C7007869C1 /* Main.storyboard */; };
		18DADA681C7213C7007869C1 /* Images.xcassets in Resources */ = {isa = PBXBuildFile; fileRef = 18DADA671C7213C7007869C1 /* Images.xcassets */; };
		18DADA6B1C7213C7007869C1 /* LaunchScreen.xib in Resources */ = {isa = PBXBuildFile; fileRef = 18DADA691C7213C7007869C1 /* LaunchScreen.xib */; };
		18DADA771C7213C8007869C1 /* Verbat_Rajesh_SubramonianTests.m in Sources */ = {isa = PBXBuildFile; fileRef = 18DADA761C7213C8007869C1 /* Verbat_Rajesh_SubramonianTests.m */; };
/* End PBXBuildFile section */

/* Begin PBXContainerItemProxy section */
		18DADA711C7213C8007869C1 /* PBXContainerItemProxy */ = {
			isa = PBXContainerItemProxy;
			containerPortal = 18DADA4C1C7213C7007869C1 /* Project object */;
			proxyType = 1;
			remoteGlobalIDString = 18DADA531C7213C7007869C1;
			remoteInfo = "Verbat-Rajesh-Subramonian";
		};
/* End PBXContainerItemProxy section */

/* Begin PBXFileReference section */
		18634C341C72D59A00657E56 /* DraggableView.h */ = {isa = PBXFileReference; fileEncoding = 4; lastKnownFileType = sourcecode.c.h; path = DraggableView.h; sourceTree = "<group>"; };
		18634C351C72D59A00657E56 /* DraggableView.m */ = {isa = PBXFileReference; fileEncoding = 4; lastKnownFileType = sourcecode.c.objc; path = DraggableView.m; sourceTree = "<group>"; };
		18634C361C72D59A00657E56 /* DraggableViewBackground.h */ = {isa = PBXFileReference; fileEncoding = 4; lastKnownFileType = sourcecode.c.h; path = DraggableViewBackground.h; sourceTree = "<group>"; };
		18634C371C72D59A00657E56 /* DraggableViewBackground.m */ = {isa = PBXFileReference; fileEncoding = 4; lastKnownFileType = sourcecode.c.objc; path = DraggableViewBackground.m; sourceTree = "<group>"; };
		18634C381C72D59A00657E56 /* OverlayView.h */ = {isa = PBXFileReference; fileEncoding = 4; lastKnownFileType = sourcecode.c.h; path = OverlayView.h; sourceTree = "<group>"; };
		18634C391C72D59A00657E56 /* OverlayView.m */ = {isa = PBXFileReference; fileEncoding = 4; lastKnownFileType = sourcecode.c.objc; path = OverlayView.m; sourceTree = "<group>"; };
		18DADA541C7213C7007869C1 /* Verbat-Rajesh-Subramonian.app */ = {isa = PBXFileReference; explicitFileType = wrapper.application; includeInIndex = 0; path = "Verbat-Rajesh-Subramonian.app"; sourceTree = BUILT_PRODUCTS_DIR; };
		18DADA581C7213C7007869C1 /* Info.plist */ = {isa = PBXFileReference; lastKnownFileType = text.plist.xml; path = Info.plist; sourceTree = "<group>"; };
		18DADA591C7213C7007869C1 /* main.m */ = {isa = PBXFileReference; lastKnownFileType = sourcecode.c.objc; path = main.m; sourceTree = "<group>"; };
		18DADA5B1C7213C7007869C1 /* AppDelegate.h */ = {isa = PBXFileReference; lastKnownFileType = sourcecode.c.h; path = AppDelegate.h; sourceTree = "<group>"; };
		18DADA5C1C7213C7007869C1 /* AppDelegate.m */ = {isa = PBXFileReference; lastKnownFileType = sourcecode.c.objc; path = AppDelegate.m; sourceTree = "<group>"; };
		18DADA5F1C7213C7007869C1 /* Verbat_Rajesh_Subramonian.xcdatamodel */ = {isa = PBXFileReference; lastKnownFileType = wrapper.xcdatamodel; path = Verbat_Rajesh_Subramonian.xcdatamodel; sourceTree = "<group>"; };
		18DADA611C7213C7007869C1 /* ViewController.h */ = {isa = PBXFileReference; lastKnownFileType = sourcecode.c.h; path = ViewController.h; sourceTree = "<group>"; };
		18DADA621C7213C7007869C1 /* ViewController.m */ = {isa = PBXFileReference; lastKnownFileType = sourcecode.c.objc; path = ViewController.m; sourceTree = "<group>"; };
		18DADA651C7213C7007869C1 /* Base */ = {isa = PBXFileReference; lastKnownFileType = file.storyboard; name = Base; path = Base.lproj/Main.storyboard; sourceTree = "<group>"; };
		18DADA671C7213C7007869C1 /* Images.xcassets */ = {isa = PBXFileReference; lastKnownFileType = folder.assetcatalog; path = Images.xcassets; sourceTree = "<group>"; };
		18DADA6A1C7213C7007869C1 /* Base */ = {isa = PBXFileReference; lastKnownFileType = file.xib; name = Base; path = Base.lproj/LaunchScreen.xib; sourceTree = "<group>"; };
		18DADA701C7213C8007869C1 /* Verbat-Rajesh-SubramonianTests.xctest */ = {isa = PBXFileReference; explicitFileType = wrapper.cfbundle; includeInIndex = 0; path = "Verbat-Rajesh-SubramonianTests.xctest"; sourceTree = BUILT_PRODUCTS_DIR; };
		18DADA751C7213C8007869C1 /* Info.plist */ = {isa = PBXFileReference; lastKnownFileType = text.plist.xml; path = Info.plist; sourceTree = "<group>"; };
		18DADA761C7213C8007869C1 /* Verbat_Rajesh_SubramonianTests.m */ = {isa = PBXFileReference; lastKnownFileType = sourcecode.c.objc; path = Verbat_Rajesh_SubramonianTests.m; sourceTree = "<group>"; };
/* End PBXFileReference section */

/* Begin PBXFrameworksBuildPhase section */
		18DADA511C7213C7007869C1 /* Frameworks */ = {
			isa = PBXFrameworksBuildPhase;
			buildActionMask = 2147483647;
			files = (
			);
			runOnlyForDeploymentPostprocessing = 0;
		};
		18DADA6D1C7213C8007869C1 /* Frameworks */ = {
			isa = PBXFrameworksBuildPhase;
			buildActionMask = 2147483647;
			files = (
			);
			runOnlyForDeploymentPostprocessing = 0;
		};
/* End PBXFrameworksBuildPhase section */

/* Begin PBXGroup section */
		18DADA4B1C7213C7007869C1 = {
			isa = PBXGroup;
			children = (
				18DADA561C7213C7007869C1 /* Verbat-Rajesh-Subramonian */,
				18DADA731C7213C8007869C1 /* Verbat-Rajesh-SubramonianTests */,
				18DADA551C7213C7007869C1 /* Products */,
			);
			sourceTree = "<group>";
		};
		18DADA551C7213C7007869C1 /* Products */ = {
			isa = PBXGroup;
			children = (
				18DADA541C7213C7007869C1 /* Verbat-Rajesh-Subramonian.app */,
				18DADA701C7213C8007869C1 /* Verbat-Rajesh-SubramonianTests.xctest */,
			);
			name = Products;
			sourceTree = "<group>";
		};
		18DADA561C7213C7007869C1 /* Verbat-Rajesh-Subramonian */ = {
			isa = PBXGroup;
			children = (
				18634C341C72D59A00657E56 /* DraggableView.h */,
				18634C351C72D59A00657E56 /* DraggableView.m */,
				18634C361C72D59A00657E56 /* DraggableViewBackground.h */,
				18634C371C72D59A00657E56 /* DraggableViewBackground.m */,
				18634C381C72D59A00657E56 /* OverlayView.h */,
				18634C391C72D59A00657E56 /* OverlayView.m */,
				18DADA5B1C7213C7007869C1 /* AppDelegate.h */,
				18DADA5C1C7213C7007869C1 /* AppDelegate.m */,
				18DADA611C7213C7007869C1 /* ViewController.h */,
				18DADA621C7213C7007869C1 /* ViewController.m */,
				18DADA641C7213C7007869C1 /* Main.storyboard */,
				18DADA671C7213C7007869C1 /* Images.xcassets */,
				18DADA691C7213C7007869C1 /* LaunchScreen.xib */,
				18DADA5E1C7213C7007869C1 /* Verbat_Rajesh_Subramonian.xcdatamodeld */,
				18DADA571C7213C7007869C1 /* Supporting Files */,
			);
			path = "Verbat-Rajesh-Subramonian";
			sourceTree = "<group>";
		};
		18DADA571C7213C7007869C1 /* Supporting Files */ = {
			isa = PBXGroup;
			children = (
				18DADA581C7213C7007869C1 /* Info.plist */,
				18DADA591C7213C7007869C1 /* main.m */,
			);
			name = "Supporting Files";
			sourceTree = "<group>";
		};
		18DADA731C7213C8007869C1 /* Verbat-Rajesh-SubramonianTests */ = {
			isa = PBXGroup;
			children = (
				18DADA761C7213C8007869C1 /* Verbat_Rajesh_SubramonianTests.m */,
				18DADA741C7213C8007869C1 /* Supporting Files */,
			);
			path = "Verbat-Rajesh-SubramonianTests";
			sourceTree = "<group>";
		};
		18DADA741C7213C8007869C1 /* Supporting Files */ = {
			isa = PBXGroup;
			children = (
				18DADA751C7213C8007869C1 /* Info.plist */,
			);
			name = "Supporting Files";
			sourceTree = "<group>";
		};
/* End PBXGroup section */

/* Begin PBXNativeTarget section */
		18DADA531C7213C7007869C1 /* Verbat-Rajesh-Subramonian */ = {
			isa = PBXNativeTarget;
			buildConfigurationList = 18DADA7A1C7213C8007869C1 /* Build configuration list for PBXNativeTarget "Verbat-Rajesh-Subramonian" */;
			buildPhases = (
				18DADA501C7213C7007869C1 /* Sources */,
				18DADA511C7213C7007869C1 /* Frameworks */,
				18DADA521C7213C7007869C1 /* Resources */,
			);
			buildRules = (
			);
			dependencies = (
			);
			name = "Verbat-Rajesh-Subramonian";
			productName = "Verbat-Rajesh-Subramonian";
			productReference = 18DADA541C7213C7007869C1 /* Verbat-Rajesh-Subramonian.app */;
			productType = "com.apple.product-type.application";
		};
		18DADA6F1C7213C8007869C1 /* Verbat-Rajesh-SubramonianTests */ = {
			isa = PBXNativeTarget;
			buildConfigurationList = 18DADA7D1C7213C8007869C1 /* Build configuration list for PBXNativeTarget "Verbat-Rajesh-SubramonianTests" */;
			buildPhases = (
				18DADA6C1C7213C8007869C1 /* Sources */,
				18DADA6D1C7213C8007869C1 /* Frameworks */,
				18DADA6E1C7213C8007869C1 /* Resources */,
			);
			buildRules = (
			);
			dependencies = (
				18DADA721C7213C8007869C1 /* PBXTargetDependency */,
			);
			name = "Verbat-Rajesh-SubramonianTests";
			productName = "Verbat-Rajesh-SubramonianTests";
			productReference = 18DADA701C7213C8007869C1 /* Verbat-Rajesh-SubramonianTests.xctest */;
			productType = "com.apple.product-type.bundle.unit-test";
		};
/* End PBXNativeTarget section */

/* Begin PBXProject section */
		18DADA4C1C7213C7007869C1 /* Project object */ = {
			isa = PBXProject;
			attributes = {
				LastUpgradeCheck = 0630;
				ORGANIZATIONNAME = "rajesh subramonian";
				TargetAttributes = {
					18DADA531C7213C7007869C1 = {
						CreatedOnToolsVersion = 6.3;
					};
					18DADA6F1C7213C8007869C1 = {
						CreatedOnToolsVersion = 6.3;
						TestTargetID = 18DADA531C7213C7007869C1;
					};
				};
			};
			buildConfigurationList = 18DADA4F1C7213C7007869C1 /* Build configuration list for PBXProject "Verbat-Rajesh-Subramonian" */;
			compatibilityVersion = "Xcode 3.2";
			developmentRegion = English;
			hasScannedForEncodings = 0;
			knownRegions = (
				en,
				Base,
			);
			mainGroup = 18DADA4B1C7213C7007869C1;
			productRefGroup = 18DADA551C7213C7007869C1 /* Products */;
			projectDirPath = "";
			projectRoot = "";
			targets = (
				18DADA531C7213C7007869C1 /* Verbat-Rajesh-Subramonian */,
				18DADA6F1C7213C8007869C1 /* Verbat-Rajesh-SubramonianTests */,
			);
		};
/* End PBXProject section */

/* Begin PBXResourcesBuildPhase section */
		18DADA521C7213C7007869C1 /* Resources */ = {
			isa = PBXResourcesBuildPhase;
			buildActionMask = 2147483647;
			files = (
				18DADA661C7213C7007869C1 /* Main.storyboard in Resources */,
				18DADA6B1C7213C7007869C1 /* LaunchScreen.xib in Resources */,
				18DADA681C7213C7007869C1 /* Images.xcassets in Resources */,
			);
			runOnlyForDeploymentPostprocessing = 0;
		};
		18DADA6E1C7213C8007869C1 /* Resources */ = {
			isa = PBXResourcesBuildPhase;
			buildActionMask = 2147483647;
			files = (
			);
			runOnlyForDeploymentPostprocessing = 0;
		};
/* End PBXResourcesBuildPhase section */

/* Begin PBXSourcesBuildPhase section */
		18DADA501C7213C7007869C1 /* Sources */ = {
			isa = PBXSourcesBuildPhase;
			buildActionMask = 2147483647;
			files = (
				18634C3B1C72D59A00657E56 /* DraggableViewBackground.m in Sources */,
				18DADA601C7213C7007869C1 /* Verbat_Rajesh_Subramonian.xcdatamodeld in Sources */,
				18634C3C1C72D59A00657E56 /* OverlayView.m in Sources */,
				18DADA5D1C7213C7007869C1 /* AppDelegate.m in Sources */,
				18DADA631C7213C7007869C1 /* ViewController.m in Sources */,
				18DADA5A1C7213C7007869C1 /* main.m in Sources */,
				18634C3A1C72D59A00657E56 /* DraggableView.m in Sources */,
			);
			runOnlyForDeploymentPostprocessing = 0;
		};
		18DADA6C1C7213C8007869C1 /* Sources */ = {
			isa = PBXSourcesBuildPhase;
			buildActionMask = 2147483647;
			files = (
				18DADA771C7213C8007869C1 /* Verbat_Rajesh_SubramonianTests.m in Sources */,
			);
			runOnlyForDeploymentPostprocessing = 0;
		};
/* End PBXSourcesBuildPhase section */

/* Begin PBXTargetDependency section */
		18DADA721C7213C8007869C1 /* PBXTargetDependency */ = {
			isa = PBXTargetDependency;
			target = 18DADA531C7213C7007869C1 /* Verbat-Rajesh-Subramonian */;
			targetProxy = 18DADA711C7213C8007869C1 /* PBXContainerItemProxy */;
		};
/* End PBXTargetDependency section */

/* Begin PBXVariantGroup section */
		18DADA641C7213C7007869C1 /* Main.storyboard */ = {
			isa = PBXVariantGroup;
			children = (
				18DADA651C7213C7007869C1 /* Base */,
			);
			name = Main.storyboard;
			sourceTree = "<group>";
		};
		18DADA691C7213C7007869C1 /* LaunchScreen.xib */ = {
			isa = PBXVariantGroup;
			children = (
				18DADA6A1C7213C7007869C1 /* Base */,
			);
			name = LaunchScreen.xib;
			sourceTree = "<group>";
		};
/* End PBXVariantGroup section */

/* Begin XCBuildConfiguration section */
		18DADA781C7213C8007869C1 /* Debug */ = {
			isa = XCBuildConfiguration;
			buildSettings = {
				ALWAYS_SEARCH_USER_PATHS = NO;
				CLANG_CXX_LANGUAGE_STANDARD = "gnu++0x";
				CLANG_CXX_LIBRARY = "libc++";
				CLANG_ENABLE_MODULES = YES;
				CLANG_ENABLE_OBJC_ARC = YES;
				CLANG_WARN_BOOL_CONVERSION = YES;
				CLANG_WARN_CONSTANT_CONVERSION = YES;
				CLANG_WARN_DIRECT_OBJC_ISA_USAGE = YES_ERROR;
				CLANG_WARN_EMPTY_BODY = YES;
				CLANG_WARN_ENUM_CONVERSION = YES;
				CLANG_WARN_INT_CONVERSION = YES;
				CLANG_WARN_OBJC_ROOT_CLASS = YES_ERROR;
				CLANG_WARN_UNREACHABLE_CODE = YES;
				CLANG_WARN__DUPLICATE_METHOD_MATCH = YES;
				"CODE_SIGN_IDENTITY[sdk=iphoneos*]" = "iPhone Developer";
				COPY_PHASE_STRIP = NO;
				DEBUG_INFORMATION_FORMAT = "dwarf-with-dsym";
				ENABLE_STRICT_OBJC_MSGSEND = YES;
				GCC_C_LANGUAGE_STANDARD = gnu99;
				GCC_DYNAMIC_NO_PIC = NO;
				GCC_NO_COMMON_BLOCKS = YES;
				GCC_OPTIMIZATION_LEVEL = 0;
				GCC_PREPROCESSOR_DEFINITIONS = (
					"DEBUG=1",
					"$(inherited)",
				);
				GCC_SYMBOLS_PRIVATE_EXTERN = NO;
				GCC_WARN_64_TO_32_BIT_CONVERSION = YES;
				GCC_WARN_ABOUT_RETURN_TYPE = YES_ERROR;
				GCC_WARN_UNDECLARED_SELECTOR = YES;
				GCC_WARN_UNINITIALIZED_AUTOS = YES_AGGRESSIVE;
				GCC_WARN_UNUSED_FUNCTION = YES;
				GCC_WARN_UNUSED_VARIABLE = YES;
				IPHONEOS_DEPLOYMENT_TARGET = 8.3;
				MTL_ENABLE_DEBUG_INFO = YES;
				ONLY_ACTIVE_ARCH = YES;
				SDKROOT = iphoneos;
			};
			name = Debug;
		};
		18DADA791C7213C8007869C1 /* Release */ = {
			isa = XCBuildConfiguration;
			buildSettings = {
				ALWAYS_SEARCH_USER_PATHS = NO;
				CLANG_CXX_LANGUAGE_STANDARD = "gnu++0x";
				CLANG_CXX_LIBRARY = "libc++";
				CLANG_ENABLE_MODULES = YES;
				CLANG_ENABLE_OBJC_ARC = YES;
				CLANG_WARN_BOOL_CONVERSION = YES;
				CLANG_WARN_CONSTANT_CONVERSION = YES;
				CLANG_WARN_DIRECT_OBJC_ISA_USAGE = YES_ERROR;
				CLANG_WARN_EMPTY_BODY = YES;
				CLANG_WARN_ENUM_CONVERSION = YES;
				CLANG_WARN_INT_CONVERSION = YES;
				CLANG_WARN_OBJC_ROOT_CLASS = YES_ERROR;
				CLANG_WARN_UNREACHABLE_CODE = YES;
				CLANG_WARN__DUPLICATE_METHOD_MATCH = YES;
				"CODE_SIGN_IDENTITY[sdk=iphoneos*]" = "iPhone Developer";
				COPY_PHASE_STRIP = NO;
				DEBUG_INFORMATION_FORMAT = "dwarf-with-dsym";
				ENABLE_NS_ASSERTIONS = NO;
				ENABLE_STRICT_OBJC_MSGSEND = YES;
				GCC_C_LANGUAGE_STANDARD = gnu99;
				GCC_NO_COMMON_BLOCKS = YES;
				GCC_WARN_64_TO_32_BIT_CONVERSION = YES;
				GCC_WARN_ABOUT_RETURN_TYPE = YES_ERROR;
				GCC_WARN_UNDECLARED_SELECTOR = YES;
				GCC_WARN_UNINITIALIZED_AUTOS = YES_AGGRESSIVE;
				GCC_WARN_UNUSED_FUNCTION = YES;
				GCC_WARN_UNUSED_VARIABLE = YES;
				IPHONEOS_DEPLOYMENT_TARGET = 8.3;
				MTL_ENABLE_DEBUG_INFO = NO;
				SDKROOT = iphoneos;
				VALIDATE_PRODUCT = YES;
			};
			name = Release;
		};
		18DADA7B1C7213C8007869C1 /* Debug */ = {
			isa = XCBuildConfiguration;
			buildSettings = {
				ASSETCATALOG_COMPILER_APPICON_NAME = AppIcon;
				INFOPLIST_FILE = "Verbat-Rajesh-Subramonian/Info.plist";
				LD_RUNPATH_SEARCH_PATHS = "$(inherited) @executable_path/Frameworks";
				PRODUCT_NAME = "$(TARGET_NAME)";
			};
			name = Debug;
		};
		18DADA7C1C7213C8007869C1 /* Release */ = {
			isa = XCBuildConfiguration;
			buildSettings = {
				ASSETCATALOG_COMPILER_APPICON_NAME = AppIcon;
				INFOPLIST_FILE = "Verbat-Rajesh-Subramonian/Info.plist";
				LD_RUNPATH_SEARCH_PATHS = "$(inherited) @executable_path/Frameworks";
				PRODUCT_NAME = "$(TARGET_NAME)";
			};
			name = Release;
		};
		18DADA7E1C7213C8007869C1 /* Debug */ = {
			isa = XCBuildConfiguration;
			buildSettings = {
				BUNDLE_LOADER = "$(TEST_HOST)";
				FRAMEWORK_SEARCH_PATHS = (
					"$(SDKROOT)/Developer/Library/Frameworks",
					"$(inherited)",
				);
				GCC_PREPROCESSOR_DEFINITIONS = (
					"DEBUG=1",
					"$(inherited)",
				);
				INFOPLIST_FILE = "Verbat-Rajesh-SubramonianTests/Info.plist";
				LD_RUNPATH_SEARCH_PATHS = "$(inherited) @executable_path/Frameworks @loader_path/Frameworks";
				PRODUCT_NAME = "$(TARGET_NAME)";
				TEST_HOST = "$(BUILT_PRODUCTS_DIR)/Verbat-Rajesh-Subramonian.app/Verbat-Rajesh-Subramonian";
			};
			name = Debug;
		};
		18DADA7F1C7213C8007869C1 /* Release */ = {
			isa = XCBuildConfiguration;
			buildSettings = {
				BUNDLE_LOADER = "$(TEST_HOST)";
				FRAMEWORK_SEARCH_PATHS = (
					"$(SDKROOT)/Developer/Library/Frameworks",
					"$(inherited)",
				);
				INFOPLIST_FILE = "Verbat-Rajesh-SubramonianTests/Info.plist";
				LD_RUNPATH_SEARCH_PATHS = "$(inherited) @executable_path/Frameworks @loader_path/Frameworks";
				PRODUCT_NAME = "$(TARGET_NAME)";
				TEST_HOST = "$(BUILT_PRODUCTS_DIR)/Verbat-Rajesh-Subramonian.app/Verbat-Rajesh-Subramonian";
			};
			name = Release;
		};
/* End XCBuildConfiguration section */

/* Begin XCConfigurationList section */
		18DADA4F1C7213C7007869C1 /* Build configuration list for PBXProject "Verbat-Rajesh-Subramonian" */ = {
			isa = XCConfigurationList;
			buildConfigurations = (
				18DADA781C7213C8007869C1 /* Debug */,
				18DADA791C7213C8007869C1 /* Release */,
			);
			defaultConfigurationIsVisible = 0;
			defaultConfigurationName = Release;
		};
		18DADA7A1C7213C8007869C1 /* Build configuration list for PBXNativeTarget "Verbat-Rajesh-Subramonian" */ = {
			isa = XCConfigurationList;
			buildConfigurations = (
				18DADA7B1C7213C8007869C1 /* Debug */,
				18DADA7C1C7213C8007869C1 /* Release */,
			);
			defaultConfigurationIsVisible = 0;
			defaultConfigurationName = Release;
		};
		18DADA7D1C7213C8007869C1 /* Build configuration list for PBXNativeTarget "Verbat-Rajesh-SubramonianTests" */ = {
			isa = XCConfigurationList;
			buildConfigurations = (
				18DADA7E1C7213C8007869C1 /* Debug */,
				18DADA7F1C7213C8007869C1 /* Release */,
			);
			defaultConfigurationIsVisible = 0;
			defaultConfigurationName = Release;
		};
/* End XCConfigurationList section */

/* Begin XCVersionGroup section */
		18DADA5E1C7213C7007869C1 /* Verbat_Rajesh_Subramonian.xcdatamodeld */ = {
			isa = XCVersionGroup;
			children = (
				18DADA5F1C7213C7007869C1 /* Verbat_Rajesh_Subramonian.xcdatamodel */,
			);
			currentVersion = 18DADA5F1C7213C7007869C1 /* Verbat_Rajesh_Subramonian.xcdatamodel */;
			path = Verbat_Rajesh_Subramonian.xcdatamodeld;
			sourceTree = "<group>";
			versionGroupType = wrapper.xcdatamodel;
		};
/* End XCVersionGroup section */
	};
	rootObject = 18DADA4C1C7213C7007869C1 /* Project object */;
}
